{
  "name": "apepay-js-root",
  "version": "0.1.0-alpha.0",
  "lockfileVersion": 3,
  "requires": true,
  "packages": {
    "": {
      "name": "apepay-js-root",
      "workspaces": [
        "sdk/js"
      ],
      "dependencies": {
        "typescript": "^5.1.6"
      }
    },
    "node_modules/@adraffy/ens-normalize": {
      "version": "1.9.0",
      "resolved": "https://registry.npmjs.org/@adraffy/ens-normalize/-/ens-normalize-1.9.0.tgz",
      "integrity": "sha512-iowxq3U30sghZotgl4s/oJRci6WPBfNO5YYgk2cIOMCHr3LeGPcsZjCEr+33Q4N+oV3OABDAtA+pyvWjbvBifQ=="
    },
    "node_modules/@apeworx/apepay": {
      "resolved": "sdk/js",
      "link": true
    },
    "node_modules/typescript": {
      "version": "5.1.6",
      "resolved": "https://registry.npmjs.org/typescript/-/typescript-5.1.6.tgz",
      "integrity": "sha512-zaWCozRZ6DLEWAWFrVDz1H6FVXzUSfTy5FUMWsQlU8Ym5JP9eO4xkTIROFCQvhQf61z6O/G6ugw3SgAnvvm+HA==",
      "bin": {
        "tsc": "bin/tsc",
        "tsserver": "bin/tsserver"
      },
      "engines": {
        "node": ">=14.17"
      }
    },
    "node_modules/viem": {
      "version": "1.5.2",
      "resolved": "https://registry.npmjs.org/viem/-/viem-1.5.2.tgz",
      "integrity": "sha512-hPs4TJ9ONZw44K8lh24I5+Qntu62DEP85yhPsGqSSyr2d9yROY/9AisLLTlrlsudhg+A+BnLQGAuqvj/X+i8Ow==",
      "dependencies": {
        "@adraffy/ens-normalize": "1.9.0",
        "@noble/curves": "1.0.0",
        "@noble/hashes": "1.3.0",
        "@scure/bip32": "1.3.0",
        "@scure/bip39": "1.2.0",
        "@types/ws": "^8.5.4",
        "@wagmi/chains": "1.6.0",
        "abitype": "0.9.3",
        "isomorphic-ws": "5.0.0",
        "ws": "8.12.0"
      },
      "peerDependencies": {
        "typescript": ">=5.0.4"
      },
      "peerDependenciesMeta": {
        "typescript": {
          "optional": true
        }
      }
    },
    "node_modules/ws": {
      "version": "8.12.0",
      "resolved": "https://registry.npmjs.org/ws/-/ws-8.12.0.tgz",
      "integrity": "sha512-kU62emKIdKVeEIOIKVegvqpXMSTAMLJozpHZaJNDYqBjzlSYXQGviYwN1osDLJ9av68qHd4a2oSjd7yD4pacig==",
      "engines": {
        "node": ">=10.0.0"
      },
      "peerDependencies": {
        "bufferutil": "^4.0.1",
        "utf-8-validate": ">=5.0.2"
      },
      "peerDependenciesMeta": {
        "bufferutil": {
          "optional": true
        },
        "utf-8-validate": {
          "optional": true
        }
      }
    },
    "sdk/js": {
      "name": "@apeworx/apepay",
      "version": "0.1.0-alpha.0",
      "license": "Apache-2.0",
      "dependencies": {
        "viem": "^1.5.2"
      }
    }
  }
}
